
Microsoft Visual Studio Solution File, Format Version 12.00
# Visual Studio 2012
Project("{FAE04EC0-301F-11D3-BF4B-00C04F79EFBC}") = "WalkOff", "WalkOff.csproj", "{2D2BB524-F50D-48B2-83C2-EF41457D9C94}"
EndProject
Global
	GlobalSection(SolutionConfigurationPlatforms) = preSolution
		Debug|iPhoneSimulator = Debug|iPhoneSimulator
		Release|iPhoneSimulator = Release|iPhoneSimulator
		Debug|iPhone = Debug|iPhone
		Release|iPhone = Release|iPhone
		Ad-Hoc|iPhone = Ad-Hoc|iPhone
		AppStore|iPhone = AppStore|iPhone
	EndGlobalSection
	GlobalSection(ProjectConfigurationPlatforms) = postSolution
		{2D2BB524-F50D-48B2-83C2-EF41457D9C94}.Ad-Hoc|iPhone.ActiveCfg = Ad-Hoc|iPhone
		{2D2BB524-F50D-48B2-83C2-EF41457D9C94}.Ad-Hoc|iPhone.Build.0 = Ad-Hoc|iPhone
		{2D2BB524-F50D-48B2-83C2-EF41457D9C94}.AppStore|iPhone.ActiveCfg = AppStore|iPhone
		{2D2BB524-F50D-48B2-83C2-EF41457D9C94}.AppStore|iPhone.Build.0 = AppStore|iPhone
		{2D2BB524-F50D-48B2-83C2-EF41457D9C94}.Debug|iPhone.ActiveCfg = Debug|iPhone
		{2D2BB524-F50D-48B2-83C2-EF41457D9C94}.Debug|iPhone.Build.0 = Debug|iPhone
		{2D2BB524-F50D-48B2-83C2-EF41457D9C94}.Debug|iPhoneSimulator.ActiveCfg = Debug|iPhoneSimulator
		{2D2BB524-F50D-48B2-83C2-EF41457D9C94}.Debug|iPhoneSimulator.Build.0 = Debug|iPhoneSimulator
		{2D2BB524-F50D-48B2-83C2-EF41457D9C94}.Release|iPhone.ActiveCfg = Release|iPhone
		{2D2BB524-F50D-48B2-83C2-EF41457D9C94}.Release|iPhone.Build.0 = Release|iPhone
		{2D2BB524-F50D-48B2-83C2-EF41457D9C94}.Release|iPhoneSimulator.ActiveCfg = Release|iPhoneSimulator
		{2D2BB524-F50D-48B2-83C2-EF41457D9C94}.Release|iPhoneSimulator.Build.0 = Release|iPhoneSimulator
	EndGlobalSection
	GlobalSection(MonoDevelopProperties) = preSolution
		StartupItem = WalkOff.csproj
	EndGlobalSection
EndGlobal
